
Microsoft Visual Studio Solution File, Format Version 12.00
# Visual Studio Version 16
VisualStudioVersion = 16.0.29102.190
MinimumVisualStudioVersion = 10.0.40219.1
Project("{FAE04EC0-301F-11D3-BF4B-00C04F79EFBC}") = "Practice", "Practice\Practice.csproj", "{50787F64-75EE-4D30-9EA9-592D56CA2E1A}"
EndProject
Global
	GlobalSection(SolutionConfigurationPlatforms) = preSolution
		Debug|Any CPU = Debug|Any CPU
		Release|Any CPU = Release|Any CPU
	EndGlobalSection
	GlobalSection(ProjectConfigurationPlatforms) = postSolution
		{50787F64-75EE-4D30-9EA9-592D56CA2E1A}.Debug|Any CPU.ActiveCfg = Debug|Any CPU
		{50787F64-75EE-4D30-9EA9-592D56CA2E1A}.Debug|Any CPU.Build.0 = Debug|Any CPU
		{50787F64-75EE-4D30-9EA9-592D56CA2E1A}.Release|Any CPU.ActiveCfg = Release|Any CPU
		{50787F64-75EE-4D30-9EA9-592D56CA2E1A}.Release|Any CPU.Build.0 = Release|Any CPU
	EndGlobalSection
	GlobalSection(SolutionProperties) = preSolution
		HideSolutionNode = FALSE
	EndGlobalSection
	GlobalSection(ExtensibilityGlobals) = postSolution
		SolutionGuid = {97A425EB-4D60-4AA9-B4DB-951E353AD4EC}
	EndGlobalSection
EndGlobal
